// !$*UTF8*$!
{
	archiveVersion = 1;
	classes = {
	};
	objectVersion = 50;
	objects = {

/* Begin PBXBuildFile section */
		5443EA56233C7690009D3722 /* AppDelegate.swift in Sources */ = {isa = PBXBuildFile; fileRef = 5443EA55233C7690009D3722 /* AppDelegate.swift */; };
		5443EA58233C7690009D3722 /* ViewController.swift in Sources */ = {isa = PBXBuildFile; fileRef = 5443EA57233C7690009D3722 /* ViewController.swift */; };
		5443EA5B233C7690009D3722 /* ViewController.storyboard in Resources */ = {isa = PBXBuildFile; fileRef = 5443EA59233C7690009D3722 /* ViewController.storyboard */; };
		5443EA5D233C7691009D3722 /* Assets.xcassets in Resources */ = {isa = PBXBuildFile; fileRef = 5443EA5C233C7691009D3722 /* Assets.xcassets */; };
		5443EA60233C7691009D3722 /* LaunchScreen.storyboard in Resources */ = {isa = PBXBuildFile; fileRef = 5443EA5E233C7691009D3722 /* LaunchScreen.storyboard */; };
		54731F852356523800D2057C /* RecommendedItemTableViewCell.swift in Sources */ = {isa = PBXBuildFile; fileRef = 54731F842356523800D2057C /* RecommendedItemTableViewCell.swift */; };
		547BAF4F23577D9D0079F154 /* Item.swift in Sources */ = {isa = PBXBuildFile; fileRef = 547BAF4E23577D9D0079F154 /* Item.swift */; };
		547BAF5123577DC20079F154 /* ViewModel.swift in Sources */ = {isa = PBXBuildFile; fileRef = 547BAF5023577DC20079F154 /* ViewModel.swift */; };
		547BAF54235786FF0079F154 /* SectionType.swift in Sources */ = {isa = PBXBuildFile; fileRef = 547BAF53235786FF0079F154 /* SectionType.swift */; };
		547BAF56235787260079F154 /* AuthenticationTableViewCell.swift in Sources */ = {isa = PBXBuildFile; fileRef = 547BAF55235787260079F154 /* AuthenticationTableViewCell.swift */; };
		54BCD25E234CEBD4004243DC /* Nibable.swift in Sources */ = {isa = PBXBuildFile; fileRef = 54BCD25D234CEBD4004243DC /* Nibable.swift */; };
		54BCD261234CEF5A004243DC /* CarouselTableViewCell.swift in Sources */ = {isa = PBXBuildFile; fileRef = 54BCD260234CEF5A004243DC /* CarouselTableViewCell.swift */; };
		54BCD263234CF108004243DC /* DataSource.swift in Sources */ = {isa = PBXBuildFile; fileRef = 54BCD262234CF108004243DC /* DataSource.swift */; };
		54BCD265234CF17C004243DC /* ApiClient.swift in Sources */ = {isa = PBXBuildFile; fileRef = 54BCD264234CF17C004243DC /* ApiClient.swift */; };
		54E9A5A123539DA700044DC0 /* UIPageControl+Extension.swift in Sources */ = {isa = PBXBuildFile; fileRef = 54E9A5A023539DA700044DC0 /* UIPageControl+Extension.swift */; };
		54E9A5A323539E9B00044DC0 /* SelectItemHeaderTableViewCell.swift in Sources */ = {isa = PBXBuildFile; fileRef = 54E9A5A223539E9B00044DC0 /* SelectItemHeaderTableViewCell.swift */; };
		54E9A5A52353BFEC00044DC0 /* SelectItemTableViewCell.swift in Sources */ = {isa = PBXBuildFile; fileRef = 54E9A5A42353BFEC00044DC0 /* SelectItemTableViewCell.swift */; };
/* End PBXBuildFile section */

/* Begin PBXFileReference section */
		5443EA52233C7690009D3722 /* TableView.app */ = {isa = PBXFileReference; explicitFileType = wrapper.application; includeInIndex = 0; path = TableView.app; sourceTree = BUILT_PRODUCTS_DIR; };
		5443EA55233C7690009D3722 /* AppDelegate.swift */ = {isa = PBXFileReference; lastKnownFileType = sourcecode.swift; path = AppDelegate.swift; sourceTree = "<group>"; };
		5443EA57233C7690009D3722 /* ViewController.swift */ = {isa = PBXFileReference; lastKnownFileType = sourcecode.swift; path = ViewController.swift; sourceTree = "<group>"; };
		5443EA5A233C7690009D3722 /* Base */ = {isa = PBXFileReference; lastKnownFileType = file.storyboard; name = Base; path = Base.lproj/ViewController.storyboard; sourceTree = "<group>"; };
		5443EA5C233C7691009D3722 /* Assets.xcassets */ = {isa = PBXFileReference; lastKnownFileType = folder.assetcatalog; path = Assets.xcassets; sourceTree = "<group>"; };
		5443EA5F233C7691009D3722 /* Base */ = {isa = PBXFileReference; lastKnownFileType = file.storyboard; name = Base; path = Base.lproj/LaunchScreen.storyboard; sourceTree = "<group>"; };
		5443EA61233C7691009D3722 /* Info.plist */ = {isa = PBXFileReference; lastKnownFileType = text.plist.xml; path = Info.plist; sourceTree = "<group>"; };
		54731F842356523800D2057C /* RecommendedItemTableViewCell.swift */ = {isa = PBXFileReference; lastKnownFileType = sourcecode.swift; path = RecommendedItemTableViewCell.swift; sourceTree = "<group>"; };
		547BAF4E23577D9D0079F154 /* Item.swift */ = {isa = PBXFileReference; lastKnownFileType = sourcecode.swift; path = Item.swift; sourceTree = "<group>"; };
		547BAF5023577DC20079F154 /* ViewModel.swift */ = {isa = PBXFileReference; lastKnownFileType = sourcecode.swift; path = ViewModel.swift; sourceTree = "<group>"; };
		547BAF53235786FF0079F154 /* SectionType.swift */ = {isa = PBXFileReference; lastKnownFileType = sourcecode.swift; path = SectionType.swift; sourceTree = "<group>"; };
		547BAF55235787260079F154 /* AuthenticationTableViewCell.swift */ = {isa = PBXFileReference; lastKnownFileType = sourcecode.swift; path = AuthenticationTableViewCell.swift; sourceTree = "<group>"; };
		54BCD25D234CEBD4004243DC /* Nibable.swift */ = {isa = PBXFileReference; lastKnownFileType = sourcecode.swift; path = Nibable.swift; sourceTree = "<group>"; };
		54BCD260234CEF5A004243DC /* CarouselTableViewCell.swift */ = {isa = PBXFileReference; lastKnownFileType = sourcecode.swift; path = CarouselTableViewCell.swift; sourceTree = "<group>"; };
		54BCD262234CF108004243DC /* DataSource.swift */ = {isa = PBXFileReference; lastKnownFileType = sourcecode.swift; path = DataSource.swift; sourceTree = "<group>"; };
		54BCD264234CF17C004243DC /* ApiClient.swift */ = {isa = PBXFileReference; lastKnownFileType = sourcecode.swift; path = ApiClient.swift; sourceTree = "<group>"; };
		54E9A5A023539DA700044DC0 /* UIPageControl+Extension.swift */ = {isa = PBXFileReference; lastKnownFileType = sourcecode.swift; path = "UIPageControl+Extension.swift"; sourceTree = "<group>"; };
		54E9A5A223539E9B00044DC0 /* SelectItemHeaderTableViewCell.swift */ = {isa = PBXFileReference; lastKnownFileType = sourcecode.swift; path = SelectItemHeaderTableViewCell.swift; sourceTree = "<group>"; };
		54E9A5A42353BFEC00044DC0 /* SelectItemTableViewCell.swift */ = {isa = PBXFileReference; lastKnownFileType = sourcecode.swift; path = SelectItemTableViewCell.swift; sourceTree = "<group>"; };
/* End PBXFileReference section */

/* Begin PBXFrameworksBuildPhase section */
		5443EA4F233C7690009D3722 /* Frameworks */ = {
			isa = PBXFrameworksBuildPhase;
			buildActionMask = 2147483647;
			files = (
			);
			runOnlyForDeploymentPostprocessing = 0;
		};
/* End PBXFrameworksBuildPhase section */

/* Begin PBXGroup section */
		5443EA49233C7690009D3722 = {
			isa = PBXGroup;
			children = (
				5443EA54233C7690009D3722 /* TableView */,
				5443EA53233C7690009D3722 /* Products */,
			);
			sourceTree = "<group>";
		};
		5443EA53233C7690009D3722 /* Products */ = {
			isa = PBXGroup;
			children = (
				5443EA52233C7690009D3722 /* TableView.app */,
			);
			name = Products;
			sourceTree = "<group>";
		};
		5443EA54233C7690009D3722 /* TableView */ = {
			isa = PBXGroup;
			children = (
				54BCD25F234CEF4A004243DC /* Presentations */,
				547BAF4D23577D780079F154 /* Models */,
				54BCD25C234CEBA9004243DC /* Libraries */,
				5443EA55233C7690009D3722 /* AppDelegate.swift */,
				5443EA5C233C7691009D3722 /* Assets.xcassets */,
				5443EA61233C7691009D3722 /* Info.plist */,
				5443EA5E233C7691009D3722 /* LaunchScreen.storyboard */,
			);
			path = TableView;
			sourceTree = "<group>";
		};
		547BAF4D23577D780079F154 /* Models */ = {
			isa = PBXGroup;
			children = (
				547BAF4E23577D9D0079F154 /* Item.swift */,
			);
			path = Models;
			sourceTree = "<group>";
		};
		547BAF5223577EB00079F154 /* Views */ = {
			isa = PBXGroup;
			children = (
				54BCD260234CEF5A004243DC /* CarouselTableViewCell.swift */,
				547BAF55235787260079F154 /* AuthenticationTableViewCell.swift */,
				54E9A5A223539E9B00044DC0 /* SelectItemHeaderTableViewCell.swift */,
				54E9A5A42353BFEC00044DC0 /* SelectItemTableViewCell.swift */,
				54731F842356523800D2057C /* RecommendedItemTableViewCell.swift */,
			);
			path = Views;
			sourceTree = "<group>";
		};
		54BCD25C234CEBA9004243DC /* Libraries */ = {
			isa = PBXGroup;
			children = (
				54BCD25D234CEBD4004243DC /* Nibable.swift */,
				54BCD264234CF17C004243DC /* ApiClient.swift */,
				54E9A5A023539DA700044DC0 /* UIPageControl+Extension.swift */,
			);
			path = Libraries;
			sourceTree = "<group>";
		};
		54BCD25F234CEF4A004243DC /* Presentations */ = {
			isa = PBXGroup;
			children = (
				5443EA57233C7690009D3722 /* ViewController.swift */,
				547BAF5023577DC20079F154 /* ViewModel.swift */,
				547BAF53235786FF0079F154 /* SectionType.swift */,
				54BCD262234CF108004243DC /* DataSource.swift */,
				5443EA59233C7690009D3722 /* ViewController.storyboard */,
				547BAF5223577EB00079F154 /* Views */,
			);
			path = Presentations;
			sourceTree = "<group>";
		};
/* End PBXGroup section */

/* Begin PBXNativeTarget section */
		5443EA51233C7690009D3722 /* TableView */ = {
			isa = PBXNativeTarget;
			buildConfigurationList = 5443EA64233C7691009D3722 /* Build configuration list for PBXNativeTarget "TableView" */;
			buildPhases = (
				5443EA4E233C7690009D3722 /* Sources */,
				5443EA4F233C7690009D3722 /* Frameworks */,
				5443EA50233C7690009D3722 /* Resources */,
			);
			buildRules = (
			);
			dependencies = (
			);
			name = TableView;
			productName = TableView;
			productReference = 5443EA52233C7690009D3722 /* TableView.app */;
			productType = "com.apple.product-type.application";
		};
/* End PBXNativeTarget section */

/* Begin PBXProject section */
		5443EA4A233C7690009D3722 /* Project object */ = {
			isa = PBXProject;
			attributes = {
				LastSwiftUpdateCheck = 1020;
				LastUpgradeCheck = 1020;
				ORGANIZATIONNAME = mothule;
				TargetAttributes = {
					5443EA51233C7690009D3722 = {
						CreatedOnToolsVersion = 10.2;
					};
				};
			};
			buildConfigurationList = 5443EA4D233C7690009D3722 /* Build configuration list for PBXProject "TableView" */;
			compatibilityVersion = "Xcode 9.3";
			developmentRegion = en;
			hasScannedForEncodings = 0;
			knownRegions = (
				en,
				Base,
			);
			mainGroup = 5443EA49233C7690009D3722;
			productRefGroup = 5443EA53233C7690009D3722 /* Products */;
			projectDirPath = "";
			projectRoot = "";
			targets = (
				5443EA51233C7690009D3722 /* TableView */,
			);
		};
/* End PBXProject section */

/* Begin PBXResourcesBuildPhase section */
		5443EA50233C7690009D3722 /* Resources */ = {
			isa = PBXResourcesBuildPhase;
			buildActionMask = 2147483647;
			files = (
				5443EA60233C7691009D3722 /* LaunchScreen.storyboard in Resources */,
				5443EA5D233C7691009D3722 /* Assets.xcassets in Resources */,
				5443EA5B233C7690009D3722 /* ViewController.storyboard in Resources */,
			);
			runOnlyForDeploymentPostprocessing = 0;
		};
/* End PBXResourcesBuildPhase section */

/* Begin PBXSourcesBuildPhase section */
		5443EA4E233C7690009D3722 /* Sources */ = {
			isa = PBXSourcesBuildPhase;
			buildActionMask = 2147483647;
			files = (
				54BCD263234CF108004243DC /* DataSource.swift in Sources */,
				54E9A5A323539E9B00044DC0 /* SelectItemHeaderTableViewCell.swift in Sources */,
				54E9A5A52353BFEC00044DC0 /* SelectItemTableViewCell.swift in Sources */,
				5443EA58233C7690009D3722 /* ViewController.swift in Sources */,
				54BCD25E234CEBD4004243DC /* Nibable.swift in Sources */,
				547BAF56235787260079F154 /* AuthenticationTableViewCell.swift in Sources */,
				54E9A5A123539DA700044DC0 /* UIPageControl+Extension.swift in Sources */,
				547BAF4F23577D9D0079F154 /* Item.swift in Sources */,
				54BCD261234CEF5A004243DC /* CarouselTableViewCell.swift in Sources */,
				5443EA56233C7690009D3722 /* AppDelegate.swift in Sources */,
				54731F852356523800D2057C /* RecommendedItemTableViewCell.swift in Sources */,
				547BAF54235786FF0079F154 /* SectionType.swift in Sources */,
				547BAF5123577DC20079F154 /* ViewModel.swift in Sources */,
				54BCD265234CF17C004243DC /* ApiClient.swift in Sources */,
			);
			runOnlyForDeploymentPostprocessing = 0;
		};
/* End PBXSourcesBuildPhase section */

/* Begin PBXVariantGroup section */
		5443EA59233C7690009D3722 /* ViewController.storyboard */ = {
			isa = PBXVariantGroup;
			children = (
				5443EA5A233C7690009D3722 /* Base */,
			);
			name = ViewController.storyboard;
			sourceTree = "<group>";
		};
		5443EA5E233C7691009D3722 /* LaunchScreen.storyboard */ = {
			isa = PBXVariantGroup;
			children = (
				5443EA5F233C7691009D3722 /* Base */,
			);
			name = LaunchScreen.storyboard;
			sourceTree = "<group>";
		};
/* End PBXVariantGroup section */

/* Begin XCBuildConfiguration section */
		5443EA62233C7691009D3722 /* Debug */ = {
			isa = XCBuildConfiguration;
			buildSettings = {
				ALWAYS_SEARCH_USER_PATHS = NO;
				CLANG_ANALYZER_NONNULL = YES;
				CLANG_ANALYZER_NUMBER_OBJECT_CONVERSION = YES_AGGRESSIVE;
				CLANG_CXX_LANGUAGE_STANDARD = "gnu++14";
				CLANG_CXX_LIBRARY = "libc++";
				CLANG_ENABLE_MODULES = YES;
				CLANG_ENABLE_OBJC_ARC = YES;
				CLANG_ENABLE_OBJC_WEAK = YES;
				CLANG_WARN_BLOCK_CAPTURE_AUTORELEASING = YES;
				CLANG_WARN_BOOL_CONVERSION = YES;
				CLANG_WARN_COMMA = YES;
				CLANG_WARN_CONSTANT_CONVERSION = YES;
				CLANG_WARN_DEPRECATED_OBJC_IMPLEMENTATIONS = YES;
				CLANG_WARN_DIRECT_OBJC_ISA_USAGE = YES_ERROR;
				CLANG_WARN_DOCUMENTATION_COMMENTS = YES;
				CLANG_WARN_EMPTY_BODY = YES;
				CLANG_WARN_ENUM_CONVERSION = YES;
				CLANG_WARN_INFINITE_RECURSION = YES;
				CLANG_WARN_INT_CONVERSION = YES;
				CLANG_WARN_NON_LITERAL_NULL_CONVERSION = YES;
				CLANG_WARN_OBJC_IMPLICIT_RETAIN_SELF = YES;
				CLANG_WARN_OBJC_LITERAL_CONVERSION = YES;
				CLANG_WARN_OBJC_ROOT_CLASS = YES_ERROR;
				CLANG_WARN_RANGE_LOOP_ANALYSIS = YES;
				CLANG_WARN_STRICT_PROTOTYPES = YES;
				CLANG_WARN_SUSPICIOUS_MOVE = YES;
				CLANG_WARN_UNGUARDED_AVAILABILITY = YES_AGGRESSIVE;
				CLANG_WARN_UNREACHABLE_CODE = YES;
				CLANG_WARN__DUPLICATE_METHOD_MATCH = YES;
				CODE_SIGN_IDENTITY = "iPhone Developer";
				COPY_PHASE_STRIP = NO;
				DEBUG_INFORMATION_FORMAT = dwarf;
				ENABLE_STRICT_OBJC_MSGSEND = YES;
				ENABLE_TESTABILITY = YES;
				GCC_C_LANGUAGE_STANDARD = gnu11;
				GCC_DYNAMIC_NO_PIC = NO;
				GCC_NO_COMMON_BLOCKS = YES;
				GCC_OPTIMIZATION_LEVEL = 0;
				GCC_PREPROCESSOR_DEFINITIONS = (
					"DEBUG=1",
					"$(inherited)",
				);
				GCC_WARN_64_TO_32_BIT_CONVERSION = YES;
				GCC_WARN_ABOUT_RETURN_TYPE = YES_ERROR;
				GCC_WARN_UNDECLARED_SELECTOR = YES;
				GCC_WARN_UNINITIALIZED_AUTOS = YES_AGGRESSIVE;
				GCC_WARN_UNUSED_FUNCTION = YES;
				GCC_WARN_UNUSED_VARIABLE = YES;
				IPHONEOS_DEPLOYMENT_TARGET = 12.2;
				MTL_ENABLE_DEBUG_INFO = INCLUDE_SOURCE;
				MTL_FAST_MATH = YES;
				ONLY_ACTIVE_ARCH = YES;
				SDKROOT = iphoneos;
				SWIFT_ACTIVE_COMPILATION_CONDITIONS = DEBUG;
				SWIFT_OPTIMIZATION_LEVEL = "-Onone";
			};
			name = Debug;
		};
		5443EA63233C7691009D3722 /* Release */ = {
			isa = XCBuildConfiguration;
			buildSettings = {
				ALWAYS_SEARCH_USER_PATHS = NO;
				CLANG_ANALYZER_NONNULL = YES;
				CLANG_ANALYZER_NUMBER_OBJECT_CONVERSION = YES_AGGRESSIVE;
				CLANG_CXX_LANGUAGE_STANDARD = "gnu++14";
				CLANG_CXX_LIBRARY = "libc++";
				CLANG_ENABLE_MODULES = YES;
				CLANG_ENABLE_OBJC_ARC = YES;
				CLANG_ENABLE_OBJC_WEAK = YES;
				CLANG_WARN_BLOCK_CAPTURE_AUTORELEASING = YES;
				CLANG_WARN_BOOL_CONVERSION = YES;
				CLANG_WARN_COMMA = YES;
				CLANG_WARN_CONSTANT_CONVERSION = YES;
				CLANG_WARN_DEPRECATED_OBJC_IMPLEMENTATIONS = YES;
				CLANG_WARN_DIRECT_OBJC_ISA_USAGE = YES_ERROR;
				CLANG_WARN_DOCUMENTATION_COMMENTS = YES;
				CLANG_WARN_EMPTY_BODY = YES;
				CLANG_WARN_ENUM_CONVERSION = YES;
				CLANG_WARN_INFINITE_RECURSION = YES;
				CLANG_WARN_INT_CONVERSION = YES;
				CLANG_WARN_NON_LITERAL_NULL_CONVERSION = YES;
				CLANG_WARN_OBJC_IMPLICIT_RETAIN_SELF = YES;
				CLANG_WARN_OBJC_LITERAL_CONVERSION = YES;
				CLANG_WARN_OBJC_ROOT_CLASS = YES_ERROR;
				CLANG_WARN_RANGE_LOOP_ANALYSIS = YES;
				CLANG_WARN_STRICT_PROTOTYPES = YES;
				CLANG_WARN_SUSPICIOUS_MOVE = YES;
				CLANG_WARN_UNGUARDED_AVAILABILITY = YES_AGGRESSIVE;
				CLANG_WARN_UNREACHABLE_CODE = YES;
				CLANG_WARN__DUPLICATE_METHOD_MATCH = YES;
				CODE_SIGN_IDENTITY = "iPhone Developer";
				COPY_PHASE_STRIP = NO;
				DEBUG_INFORMATION_FORMAT = "dwarf-with-dsym";
				ENABLE_NS_ASSERTIONS = NO;
				ENABLE_STRICT_OBJC_MSGSEND = YES;
				GCC_C_LANGUAGE_STANDARD = gnu11;
				GCC_NO_COMMON_BLOCKS = YES;
				GCC_WARN_64_TO_32_BIT_CONVERSION = YES;
				GCC_WARN_ABOUT_RETURN_TYPE = YES_ERROR;
				GCC_WARN_UNDECLARED_SELECTOR = YES;
				GCC_WARN_UNINITIALIZED_AUTOS = YES_AGGRESSIVE;
				GCC_WARN_UNUSED_FUNCTION = YES;
				GCC_WARN_UNUSED_VARIABLE = YES;
				IPHONEOS_DEPLOYMENT_TARGET = 12.2;
				MTL_ENABLE_DEBUG_INFO = NO;
				MTL_FAST_MATH = YES;
				SDKROOT = iphoneos;
				SWIFT_COMPILATION_MODE = wholemodule;
				SWIFT_OPTIMIZATION_LEVEL = "-O";
				VALIDATE_PRODUCT = YES;
			};
			name = Release;
		};
		5443EA65233C7691009D3722 /* Debug */ = {
			isa = XCBuildConfiguration;
			buildSettings = {
				ASSETCATALOG_COMPILER_APPICON_NAME = AppIcon;
				CODE_SIGN_STYLE = Manual;
				INFOPLIST_FILE = TableView/Info.plist;
				LD_RUNPATH_SEARCH_PATHS = (
					"$(inherited)",
					"@executable_path/Frameworks",
				);
				PRODUCT_BUNDLE_IDENTIFIER = jp.mothule.TableView;
				PRODUCT_NAME = "$(TARGET_NAME)";
				SWIFT_VERSION = 5.0;
				TARGETED_DEVICE_FAMILY = 1;
			};
			name = Debug;
		};
		5443EA66233C7691009D3722 /* Release */ = {
			isa = XCBuildConfiguration;
			buildSettings = {
				ASSETCATALOG_COMPILER_APPICON_NAME = AppIcon;
				CODE_SIGN_STYLE = Manual;
				DEVELOPMENT_TEAM = "";
				INFOPLIST_FILE = TableView/Info.plist;
				LD_RUNPATH_SEARCH_PATHS = (
					"$(inherited)",
					"@executable_path/Frameworks",
				);
				PRODUCT_BUNDLE_IDENTIFIER = jp.mothule.TableView;
				PRODUCT_NAME = "$(TARGET_NAME)";
				PROVISIONING_PROFILE_SPECIFIER = "";
				SWIFT_VERSION = 5.0;
				TARGETED_DEVICE_FAMILY = 1;
			};
			name = Release;
		};
/* End XCBuildConfiguration section */

/* Begin XCConfigurationList section */
		5443EA4D233C7690009D3722 /* Build configuration list for PBXProject "TableView" */ = {
			isa = XCConfigurationList;
			buildConfigurations = (
				5443EA62233C7691009D3722 /* Debug */,
				5443EA63233C7691009D3722 /* Release */,
			);
			defaultConfigurationIsVisible = 0;
			defaultConfigurationName = Release;
		};
		5443EA64233C7691009D3722 /* Build configuration list for PBXNativeTarget "TableView" */ = {
			isa = XCConfigurationList;
			buildConfigurations = (
				5443EA65233C7691009D3722 /* Debug */,
				5443EA66233C7691009D3722 /* Release */,
			);
			defaultConfigurationIsVisible = 0;
			defaultConfigurationName = Release;
		};
/* End XCConfigurationList section */
	};
	rootObject = 5443EA4A233C7690009D3722 /* Project object */;
}
